// !$*UTF8*$!
{
	archiveVersion = 1;
	classes = {
	};
	objectVersion = 50;
	objects = {

/* Begin PBXBuildFile section */
		FEBC06C120C5062100752C68 /* AppDelegate.swift in Sources */ = {isa = PBXBuildFile; fileRef = FEBC06C020C5062100752C68 /* AppDelegate.swift */; };
		FEBC06C320C5062100752C68 /* ViewController.swift in Sources */ = {isa = PBXBuildFile; fileRef = FEBC06C220C5062100752C68 /* ViewController.swift */; };
		FEBC06C620C5062100752C68 /* Main.storyboard in Resources */ = {isa = PBXBuildFile; fileRef = FEBC06C420C5062100752C68 /* Main.storyboard */; };
		FEBC06C820C5062200752C68 /* Assets.xcassets in Resources */ = {isa = PBXBuildFile; fileRef = FEBC06C720C5062200752C68 /* Assets.xcassets */; };
		FEBC06CB20C5062200752C68 /* LaunchScreen.storyboard in Resources */ = {isa = PBXBuildFile; fileRef = FEBC06C920C5062200752C68 /* LaunchScreen.storyboard */; };
		FEBC06D620C5062200752C68 /* Simple_MapViewTests.swift in Sources */ = {isa = PBXBuildFile; fileRef = FEBC06D520C5062200752C68 /* Simple_MapViewTests.swift */; };
		FEBC06E120C5062200752C68 /* Simple_MapViewUITests.swift in Sources */ = {isa = PBXBuildFile; fileRef = FEBC06E020C5062200752C68 /* Simple_MapViewUITests.swift */; };
		FEBC06F020C506B500752C68 /* MapKit.framework in Frameworks */ = {isa = PBXBuildFile; fileRef = FEBC06EF20C506B500752C68 /* MapKit.framework */; };
/* End PBXBuildFile section */

/* Begin PBXContainerItemProxy section */
		FEBC06D220C5062200752C68 /* PBXContainerItemProxy */ = {
			isa = PBXContainerItemProxy;
			containerPortal = FEBC06B520C5062000752C68 /* Project object */;
			proxyType = 1;
			remoteGlobalIDString = FEBC06BC20C5062000752C68;
			remoteInfo = "Simple MapView";
		};
		FEBC06DD20C5062200752C68 /* PBXContainerItemProxy */ = {
			isa = PBXContainerItemProxy;
			containerPortal = FEBC06B520C5062000752C68 /* Project object */;
			proxyType = 1;
			remoteGlobalIDString = FEBC06BC20C5062000752C68;
			remoteInfo = "Simple MapView";
		};
/* End PBXContainerItemProxy section */

/* Begin PBXFileReference section */
		FEBC06BD20C5062000752C68 /* Simple MapView.app */ = {isa = PBXFileReference; explicitFileType = wrapper.application; includeInIndex = 0; path = "Simple MapView.app"; sourceTree = BUILT_PRODUCTS_DIR; };
		FEBC06C020C5062100752C68 /* AppDelegate.swift */ = {isa = PBXFileReference; lastKnownFileType = sourcecode.swift; path = AppDelegate.swift; sourceTree = "<group>"; };
		FEBC06C220C5062100752C68 /* ViewController.swift */ = {isa = PBXFileReference; lastKnownFileType = sourcecode.swift; path = ViewController.swift; sourceTree = "<group>"; };
		FEBC06C520C5062100752C68 /* Base */ = {isa = PBXFileReference; lastKnownFileType = file.storyboard; name = Base; path = Base.lproj/Main.storyboard; sourceTree = "<group>"; };
		FEBC06C720C5062200752C68 /* Assets.xcassets */ = {isa = PBXFileReference; lastKnownFileType = folder.assetcatalog; path = Assets.xcassets; sourceTree = "<group>"; };
		FEBC06CA20C5062200752C68 /* Base */ = {isa = PBXFileReference; lastKnownFileType = file.storyboard; name = Base; path = Base.lproj/LaunchScreen.storyboard; sourceTree = "<group>"; };
		FEBC06CC20C5062200752C68 /* Info.plist */ = {isa = PBXFileReference; lastKnownFileType = text.plist.xml; path = Info.plist; sourceTree = "<group>"; };
		FEBC06D120C5062200752C68 /* Simple MapViewTests.xctest */ = {isa = PBXFileReference; explicitFileType = wrapper.cfbundle; includeInIndex = 0; path = "Simple MapViewTests.xctest"; sourceTree = BUILT_PRODUCTS_DIR; };
		FEBC06D520C5062200752C68 /* Simple_MapViewTests.swift */ = {isa = PBXFileReference; lastKnownFileType = sourcecode.swift; path = Simple_MapViewTests.swift; sourceTree = "<group>"; };
		FEBC06D720C5062200752C68 /* Info.plist */ = {isa = PBXFileReference; lastKnownFileType = text.plist.xml; path = Info.plist; sourceTree = "<group>"; };
		FEBC06DC20C5062200752C68 /* Simple MapViewUITests.xctest */ = {isa = PBXFileReference; explicitFileType = wrapper.cfbundle; includeInIndex = 0; path = "Simple MapViewUITests.xctest"; sourceTree = BUILT_PRODUCTS_DIR; };
		FEBC06E020C5062200752C68 /* Simple_MapViewUITests.swift */ = {isa = PBXFileReference; lastKnownFileType = sourcecode.swift; path = Simple_MapViewUITests.swift; sourceTree = "<group>"; };
		FEBC06E220C5062200752C68 /* Info.plist */ = {isa = PBXFileReference; lastKnownFileType = text.plist.xml; path = Info.plist; sourceTree = "<group>"; };
		FEBC06EF20C506B500752C68 /* MapKit.framework */ = {isa = PBXFileReference; lastKnownFileType = wrapper.framework; name = MapKit.framework; path = System/Library/Frameworks/MapKit.framework; sourceTree = SDKROOT; };
/* End PBXFileReference section */

/* Begin PBXFrameworksBuildPhase section */
		FEBC06BA20C5062000752C68 /* Frameworks */ = {
			isa = PBXFrameworksBuildPhase;
			buildActionMask = 2147483647;
			files = (
				FEBC06F020C506B500752C68 /* MapKit.framework in Frameworks */,
			);
			runOnlyForDeploymentPostprocessing = 0;
		};
		FEBC06CE20C5062200752C68 /* Frameworks */ = {
			isa = PBXFrameworksBuildPhase;
			buildActionMask = 2147483647;
			files = (
			);
			runOnlyForDeploymentPostprocessing = 0;
		};
		FEBC06D920C5062200752C68 /* Frameworks */ = {
			isa = PBXFrameworksBuildPhase;
			buildActionMask = 2147483647;
			files = (
			);
			runOnlyForDeploymentPostprocessing = 0;
		};
/* End PBXFrameworksBuildPhase section */

/* Begin PBXGroup section */
		FEBC06B420C5062000752C68 = {
			isa = PBXGroup;
			children = (
				FEBC06BF20C5062000752C68 /* Simple MapView */,
				FEBC06D420C5062200752C68 /* Simple MapViewTests */,
				FEBC06DF20C5062200752C68 /* Simple MapViewUITests */,
				FEBC06BE20C5062000752C68 /* Products */,
				FEBC06EE20C506B400752C68 /* Frameworks */,
			);
			sourceTree = "<group>";
		};
		FEBC06BE20C5062000752C68 /* Products */ = {
			isa = PBXGroup;
			children = (
				FEBC06BD20C5062000752C68 /* Simple MapView.app */,
				FEBC06D120C5062200752C68 /* Simple MapViewTests.xctest */,
				FEBC06DC20C5062200752C68 /* Simple MapViewUITests.xctest */,
			);
			name = Products;
			sourceTree = "<group>";
		};
		FEBC06BF20C5062000752C68 /* Simple MapView */ = {
			isa = PBXGroup;
			children = (
				FEBC06C020C5062100752C68 /* AppDelegate.swift */,
				FEBC06C220C5062100752C68 /* ViewController.swift */,
				FEBC06C420C5062100752C68 /* Main.storyboard */,
				FEBC06C720C5062200752C68 /* Assets.xcassets */,
				FEBC06C920C5062200752C68 /* LaunchScreen.storyboard */,
				FEBC06CC20C5062200752C68 /* Info.plist */,
			);
			path = "Simple MapView";
			sourceTree = "<group>";
		};
		FEBC06D420C5062200752C68 /* Simple MapViewTests */ = {
			isa = PBXGroup;
			children = (
				FEBC06D520C5062200752C68 /* Simple_MapViewTests.swift */,
				FEBC06D720C5062200752C68 /* Info.plist */,
			);
			path = "Simple MapViewTests";
			sourceTree = "<group>";
		};
		FEBC06DF20C5062200752C68 /* Simple MapViewUITests */ = {
			isa = PBXGroup;
			children = (
				FEBC06E020C5062200752C68 /* Simple_MapViewUITests.swift */,
				FEBC06E220C5062200752C68 /* Info.plist */,
			);
			path = "Simple MapViewUITests";
			sourceTree = "<group>";
		};
		FEBC06EE20C506B400752C68 /* Frameworks */ = {
			isa = PBXGroup;
			children = (
				FEBC06EF20C506B500752C68 /* MapKit.framework */,
			);
			name = Frameworks;
			sourceTree = "<group>";
		};
/* End PBXGroup section */

/* Begin PBXNativeTarget section */
		FEBC06BC20C5062000752C68 /* Simple MapView */ = {
			isa = PBXNativeTarget;
			buildConfigurationList = FEBC06E520C5062200752C68 /* Build configuration list for PBXNativeTarget "Simple MapView" */;
			buildPhases = (
				FEBC06B920C5062000752C68 /* Sources */,
				FEBC06BA20C5062000752C68 /* Frameworks */,
				FEBC06BB20C5062000752C68 /* Resources */,
			);
			buildRules = (
			);
			dependencies = (
			);
			name = "Simple MapView";
			productName = "Simple MapView";
			productReference = FEBC06BD20C5062000752C68 /* Simple MapView.app */;
			productType = "com.apple.product-type.application";
		};
		FEBC06D020C5062200752C68 /* Simple MapViewTests */ = {
			isa = PBXNativeTarget;
			buildConfigurationList = FEBC06E820C5062200752C68 /* Build configuration list for PBXNativeTarget "Simple MapViewTests" */;
			buildPhases = (
				FEBC06CD20C5062200752C68 /* Sources */,
				FEBC06CE20C5062200752C68 /* Frameworks */,
				FEBC06CF20C5062200752C68 /* Resources */,
			);
			buildRules = (
			);
			dependencies = (
				FEBC06D320C5062200752C68 /* PBXTargetDependency */,
			);
			name = "Simple MapViewTests";
			productName = "Simple MapViewTests";
			productReference = FEBC06D120C5062200752C68 /* Simple MapViewTests.xctest */;
			productType = "com.apple.product-type.bundle.unit-test";
		};
		FEBC06DB20C5062200752C68 /* Simple MapViewUITests */ = {
			isa = PBXNativeTarget;
			buildConfigurationList = FEBC06EB20C5062200752C68 /* Build configuration list for PBXNativeTarget "Simple MapViewUITests" */;
			buildPhases = (
				FEBC06D820C5062200752C68 /* Sources */,
				FEBC06D920C5062200752C68 /* Frameworks */,
				FEBC06DA20C5062200752C68 /* Resources */,
			);
			buildRules = (
			);
			dependencies = (
				FEBC06DE20C5062200752C68 /* PBXTargetDependency */,
			);
			name = "Simple MapViewUITests";
			productName = "Simple MapViewUITests";
			productReference = FEBC06DC20C5062200752C68 /* Simple MapViewUITests.xctest */;
			productType = "com.apple.product-type.bundle.ui-testing";
		};
/* End PBXNativeTarget section */

/* Begin PBXProject section */
		FEBC06B520C5062000752C68 /* Project object */ = {
			isa = PBXProject;
			attributes = {
				LastSwiftUpdateCheck = 0940;
				LastUpgradeCheck = 0940;
				ORGANIZATIONNAME = "Sang won Seo";
				TargetAttributes = {
					FEBC06BC20C5062000752C68 = {
						CreatedOnToolsVersion = 9.4;
					};
					FEBC06D020C5062200752C68 = {
						CreatedOnToolsVersion = 9.4;
						TestTargetID = FEBC06BC20C5062000752C68;
					};
					FEBC06DB20C5062200752C68 = {
						CreatedOnToolsVersion = 9.4;
						TestTargetID = FEBC06BC20C5062000752C68;
					};
				};
			};
			buildConfigurationList = FEBC06B820C5062000752C68 /* Build configuration list for PBXProject "Simple MapView" */;
			compatibilityVersion = "Xcode 9.3";
			developmentRegion = en;
			hasScannedForEncodings = 0;
			knownRegions = (
				en,
				Base,
			);
			mainGroup = FEBC06B420C5062000752C68;
			productRefGroup = FEBC06BE20C5062000752C68 /* Products */;
			projectDirPath = "";
			projectRoot = "";
			targets = (
				FEBC06BC20C5062000752C68 /* Simple MapView */,
				FEBC06D020C5062200752C68 /* Simple MapViewTests */,
				FEBC06DB20C5062200752C68 /* Simple MapViewUITests */,
			);
		};
/* End PBXProject section */

/* Begin PBXResourcesBuildPhase section */
		FEBC06BB20C5062000752C68 /* Resources */ = {
			isa = PBXResourcesBuildPhase;
			buildActionMask = 2147483647;
			files = (
				FEBC06CB20C5062200752C68 /* LaunchScreen.storyboard in Resources */,
				FEBC06C820C5062200752C68 /* Assets.xcassets in Resources */,
				FEBC06C620C5062100752C68 /* Main.storyboard in Resources */,
			);
			runOnlyForDeploymentPostprocessing = 0;
		};
		FEBC06CF20C5062200752C68 /* Resources */ = {
			isa = PBXResourcesBuildPhase;
			buildActionMask = 2147483647;
			files = (
			);
			runOnlyForDeploymentPostprocessing = 0;
		};
		FEBC06DA20C5062200752C68 /* Resources */ = {
			isa = PBXResourcesBuildPhase;
			buildActionMask = 2147483647;
			files = (
			);
			runOnlyForDeploymentPostprocessing = 0;
		};
/* End PBXResourcesBuildPhase section */

/* Begin PBXSourcesBuildPhase section */
		FEBC06B920C5062000752C68 /* Sources */ = {
			isa = PBXSourcesBuildPhase;
			buildActionMask = 2147483647;
			files = (
				FEBC06C320C5062100752C68 /* ViewController.swift in Sources */,
				FEBC06C120C5062100752C68 /* AppDelegate.swift in Sources */,
			);
			runOnlyForDeploymentPostprocessing = 0;
		};
		FEBC06CD20C5062200752C68 /* Sources */ = {
			isa = PBXSourcesBuildPhase;
			buildActionMask = 2147483647;
			files = (
				FEBC06D620C5062200752C68 /* Simple_MapViewTests.swift in Sources */,
			);
			runOnlyForDeploymentPostprocessing = 0;
		};
		FEBC06D820C5062200752C68 /* Sources */ = {
			isa = PBXSourcesBuildPhase;
			buildActionMask = 2147483647;
			files = (
				FEBC06E120C5062200752C68 /* Simple_MapViewUITests.swift in Sources */,
			);
			runOnlyForDeploymentPostprocessing = 0;
		};
/* End PBXSourcesBuildPhase section */

/* Begin PBXTargetDependency section */
		FEBC06D320C5062200752C68 /* PBXTargetDependency */ = {
			isa = PBXTargetDependency;
			target = FEBC06BC20C5062000752C68 /* Simple MapView */;
			targetProxy = FEBC06D220C5062200752C68 /* PBXContainerItemProxy */;
		};
		FEBC06DE20C5062200752C68 /* PBXTargetDependency */ = {
			isa = PBXTargetDependency;
			target = FEBC06BC20C5062000752C68 /* Simple MapView */;
			targetProxy = FEBC06DD20C5062200752C68 /* PBXContainerItemProxy */;
		};
/* End PBXTargetDependency section */

/* Begin PBXVariantGroup section */
		FEBC06C420C5062100752C68 /* Main.storyboard */ = {
			isa = PBXVariantGroup;
			children = (
				FEBC06C520C5062100752C68 /* Base */,
			);
			name = Main.storyboard;
			sourceTree = "<group>";
		};
		FEBC06C920C5062200752C68 /* LaunchScreen.storyboard */ = {
			isa = PBXVariantGroup;
			children = (
				FEBC06CA20C5062200752C68 /* Base */,
			);
			name = LaunchScreen.storyboard;
			sourceTree = "<group>";
		};
/* End PBXVariantGroup section */

/* Begin XCBuildConfiguration section */
		FEBC06E320C5062200752C68 /* Debug */ = {
			isa = XCBuildConfiguration;
			buildSettings = {
				ALWAYS_SEARCH_USER_PATHS = NO;
				CLANG_ANALYZER_NONNULL = YES;
				CLANG_ANALYZER_NUMBER_OBJECT_CONVERSION = YES_AGGRESSIVE;
				CLANG_CXX_LANGUAGE_STANDARD = "gnu++14";
				CLANG_CXX_LIBRARY = "libc++";
				CLANG_ENABLE_MODULES = YES;
				CLANG_ENABLE_OBJC_ARC = YES;
				CLANG_ENABLE_OBJC_WEAK = YES;
				CLANG_WARN_BLOCK_CAPTURE_AUTORELEASING = YES;
				CLANG_WARN_BOOL_CONVERSION = YES;
				CLANG_WARN_COMMA = YES;
				CLANG_WARN_CONSTANT_CONVERSION = YES;
				CLANG_WARN_DEPRECATED_OBJC_IMPLEMENTATIONS = YES;
				CLANG_WARN_DIRECT_OBJC_ISA_USAGE = YES_ERROR;
				CLANG_WARN_DOCUMENTATION_COMMENTS = YES;
				CLANG_WARN_EMPTY_BODY = YES;
				CLANG_WARN_ENUM_CONVERSION = YES;
				CLANG_WARN_INFINITE_RECURSION = YES;
				CLANG_WARN_INT_CONVERSION = YES;
				CLANG_WARN_NON_LITERAL_NULL_CONVERSION = YES;
				CLANG_WARN_OBJC_IMPLICIT_RETAIN_SELF = YES;
				CLANG_WARN_OBJC_LITERAL_CONVERSION = YES;
				CLANG_WARN_OBJC_ROOT_CLASS = YES_ERROR;
				CLANG_WARN_RANGE_LOOP_ANALYSIS = YES;
				CLANG_WARN_STRICT_PROTOTYPES = YES;
				CLANG_WARN_SUSPICIOUS_MOVE = YES;
				CLANG_WARN_UNGUARDED_AVAILABILITY = YES_AGGRESSIVE;
				CLANG_WARN_UNREACHABLE_CODE = YES;
				CLANG_WARN__DUPLICATE_METHOD_MATCH = YES;
				CODE_SIGN_IDENTITY = "iPhone Developer";
				COPY_PHASE_STRIP = NO;
				DEBUG_INFORMATION_FORMAT = dwarf;
				ENABLE_STRICT_OBJC_MSGSEND = YES;
				ENABLE_TESTABILITY = YES;
				GCC_C_LANGUAGE_STANDARD = gnu11;
				GCC_DYNAMIC_NO_PIC = NO;
				GCC_NO_COMMON_BLOCKS = YES;
				GCC_OPTIMIZATION_LEVEL = 0;
				GCC_PREPROCESSOR_DEFINITIONS = (
					"DEBUG=1",
					"$(inherited)",
				);
				GCC_WARN_64_TO_32_BIT_CONVERSION = YES;
				GCC_WARN_ABOUT_RETURN_TYPE = YES_ERROR;
				GCC_WARN_UNDECLARED_SELECTOR = YES;
				GCC_WARN_UNINITIALIZED_AUTOS = YES_AGGRESSIVE;
				GCC_WARN_UNUSED_FUNCTION = YES;
				GCC_WARN_UNUSED_VARIABLE = YES;
				IPHONEOS_DEPLOYMENT_TARGET = 11.4;
				MTL_ENABLE_DEBUG_INFO = YES;
				ONLY_ACTIVE_ARCH = YES;
				SDKROOT = iphoneos;
				SWIFT_ACTIVE_COMPILATION_CONDITIONS = DEBUG;
				SWIFT_OPTIMIZATION_LEVEL = "-Onone";
			};
			name = Debug;
		};
		FEBC06E420C5062200752C68 /* Release */ = {
			isa = XCBuildConfiguration;
			buildSettings = {
				ALWAYS_SEARCH_USER_PATHS = NO;
				CLANG_ANALYZER_NONNULL = YES;
				CLANG_ANALYZER_NUMBER_OBJECT_CONVERSION = YES_AGGRESSIVE;
				CLANG_CXX_LANGUAGE_STANDARD = "gnu++14";
				CLANG_CXX_LIBRARY = "libc++";
				CLANG_ENABLE_MODULES = YES;
				CLANG_ENABLE_OBJC_ARC = YES;
				CLANG_ENABLE_OBJC_WEAK = YES;
				CLANG_WARN_BLOCK_CAPTURE_AUTORELEASING = YES;
				CLANG_WARN_BOOL_CONVERSION = YES;
				CLANG_WARN_COMMA = YES;
				CLANG_WARN_CONSTANT_CONVERSION = YES;
				CLANG_WARN_DEPRECATED_OBJC_IMPLEMENTATIONS = YES;
				CLANG_WARN_DIRECT_OBJC_ISA_USAGE = YES_ERROR;
				CLANG_WARN_DOCUMENTATION_COMMENTS = YES;
				CLANG_WARN_EMPTY_BODY = YES;
				CLANG_WARN_ENUM_CONVERSION = YES;
				CLANG_WARN_INFINITE_RECURSION = YES;
				CLANG_WARN_INT_CONVERSION = YES;
				CLANG_WARN_NON_LITERAL_NULL_CONVERSION = YES;
				CLANG_WARN_OBJC_IMPLICIT_RETAIN_SELF = YES;
				CLANG_WARN_OBJC_LITERAL_CONVERSION = YES;
				CLANG_WARN_OBJC_ROOT_CLASS = YES_ERROR;
				CLANG_WARN_RANGE_LOOP_ANALYSIS = YES;
				CLANG_WARN_STRICT_PROTOTYPES = YES;
				CLANG_WARN_SUSPICIOUS_MOVE = YES;
				CLANG_WARN_UNGUARDED_AVAILABILITY = YES_AGGRESSIVE;
				CLANG_WARN_UNREACHABLE_CODE = YES;
				CLANG_WARN__DUPLICATE_METHOD_MATCH = YES;
				CODE_SIGN_IDENTITY = "iPhone Developer";
				COPY_PHASE_STRIP = NO;
				DEBUG_INFORMATION_FORMAT = "dwarf-with-dsym";
				ENABLE_NS_ASSERTIONS = NO;
				ENABLE_STRICT_OBJC_MSGSEND = YES;
				GCC_C_LANGUAGE_STANDARD = gnu11;
				GCC_NO_COMMON_BLOCKS = YES;
				GCC_WARN_64_TO_32_BIT_CONVERSION = YES;
				GCC_WARN_ABOUT_RETURN_TYPE = YES_ERROR;
				GCC_WARN_UNDECLARED_SELECTOR = YES;
				GCC_WARN_UNINITIALIZED_AUTOS = YES_AGGRESSIVE;
				GCC_WARN_UNUSED_FUNCTION = YES;
				GCC_WARN_UNUSED_VARIABLE = YES;
				IPHONEOS_DEPLOYMENT_TARGET = 11.4;
				MTL_ENABLE_DEBUG_INFO = NO;
				SDKROOT = iphoneos;
				SWIFT_COMPILATION_MODE = wholemodule;
				SWIFT_OPTIMIZATION_LEVEL = "-O";
				VALIDATE_PRODUCT = YES;
			};
			name = Release;
		};
		FEBC06E620C5062200752C68 /* Debug */ = {
			isa = XCBuildConfiguration;
			buildSettings = {
				ASSETCATALOG_COMPILER_APPICON_NAME = AppIcon;
				CODE_SIGN_STYLE = Automatic;
				DEVELOPMENT_TEAM = BU392JZ299;
				INFOPLIST_FILE = "Simple MapView/Info.plist";
				LD_RUNPATH_SEARCH_PATHS = (
					"$(inherited)",
					"@executable_path/Frameworks",
				);
				PRODUCT_BUNDLE_IDENTIFIER = "zhao.Simple-MapView";
				PRODUCT_NAME = "$(TARGET_NAME)";
				SWIFT_VERSION = 4.0;
				TARGETED_DEVICE_FAMILY = "1,2";
			};
			name = Debug;
		};
		FEBC06E720C5062200752C68 /* Release */ = {
			isa = XCBuildConfiguration;
			buildSettings = {
				ASSETCATALOG_COMPILER_APPICON_NAME = AppIcon;
				CODE_SIGN_STYLE = Automatic;
				DEVELOPMENT_TEAM = BU392JZ299;
				INFOPLIST_FILE = "Simple MapView/Info.plist";
				LD_RUNPATH_SEARCH_PATHS = (
					"$(inherited)",
					"@executable_path/Frameworks",
				);
				PRODUCT_BUNDLE_IDENTIFIER = "zhao.Simple-MapView";
				PRODUCT_NAME = "$(TARGET_NAME)";
				SWIFT_VERSION = 4.0;
				TARGETED_DEVICE_FAMILY = "1,2";
			};
			name = Release;
		};
		FEBC06E920C5062200752C68 /* Debug */ = {
			isa = XCBuildConfiguration;
			buildSettings = {
				ALWAYS_EMBED_SWIFT_STANDARD_LIBRARIES = YES;
				BUNDLE_LOADER = "$(TEST_HOST)";
				CODE_SIGN_STYLE = Automatic;
				DEVELOPMENT_TEAM = BU392JZ299;
				INFOPLIST_FILE = "Simple MapViewTests/Info.plist";
				LD_RUNPATH_SEARCH_PATHS = (
					"$(inherited)",
					"@executable_path/Frameworks",
					"@loader_path/Frameworks",
				);
				PRODUCT_BUNDLE_IDENTIFIER = "zhao.Simple-MapViewTests";
				PRODUCT_NAME = "$(TARGET_NAME)";
				SWIFT_VERSION = 4.0;
				TARGETED_DEVICE_FAMILY = "1,2";
				TEST_HOST = "$(BUILT_PRODUCTS_DIR)/Simple MapView.app/Simple MapView";
			};
			name = Debug;
		};
		FEBC06EA20C5062200752C68 /* Release */ = {
			isa = XCBuildConfiguration;
			buildSettings = {
				ALWAYS_EMBED_SWIFT_STANDARD_LIBRARIES = YES;
				BUNDLE_LOADER = "$(TEST_HOST)";
				CODE_SIGN_STYLE = Automatic;
				DEVELOPMENT_TEAM = BU392JZ299;
				INFOPLIST_FILE = "Simple MapViewTests/Info.plist";
				LD_RUNPATH_SEARCH_PATHS = (
					"$(inherited)",
					"@executable_path/Frameworks",
					"@loader_path/Frameworks",
				);
				PRODUCT_BUNDLE_IDENTIFIER = "zhao.Simple-MapViewTests";
				PRODUCT_NAME = "$(TARGET_NAME)";
				SWIFT_VERSION = 4.0;
				TARGETED_DEVICE_FAMILY = "1,2";
				TEST_HOST = "$(BUILT_PRODUCTS_DIR)/Simple MapView.app/Simple MapView";
			};
			name = Release;
		};
		FEBC06EC20C5062200752C68 /* Debug */ = {
			isa = XCBuildConfiguration;
			buildSettings = {
				ALWAYS_EMBED_SWIFT_STANDARD_LIBRARIES = YES;
				CODE_SIGN_STYLE = Automatic;
				DEVELOPMENT_TEAM = BU392JZ299;
				INFOPLIST_FILE = "Simple MapViewUITests/Info.plist";
				LD_RUNPATH_SEARCH_PATHS = (
					"$(inherited)",
					"@executable_path/Frameworks",
					"@loader_path/Frameworks",
				);
				PRODUCT_BUNDLE_IDENTIFIER = "zhao.Simple-MapViewUITests";
				PRODUCT_NAME = "$(TARGET_NAME)";
				SWIFT_VERSION = 4.0;
				TARGETED_DEVICE_FAMILY = "1,2";
				TEST_TARGET_NAME = "Simple MapView";
			};
			name = Debug;
		};
		FEBC06ED20C5062200752C68 /* Release */ = {
			isa = XCBuildConfiguration;
			buildSettings = {
				ALWAYS_EMBED_SWIFT_STANDARD_LIBRARIES = YES;
				CODE_SIGN_STYLE = Automatic;
				DEVELOPMENT_TEAM = BU392JZ299;
				INFOPLIST_FILE = "Simple MapViewUITests/Info.plist";
				LD_RUNPATH_SEARCH_PATHS = (
					"$(inherited)",
					"@executable_path/Frameworks",
					"@loader_path/Frameworks",
				);
				PRODUCT_BUNDLE_IDENTIFIER = "zhao.Simple-MapViewUITests";
				PRODUCT_NAME = "$(TARGET_NAME)";
				SWIFT_VERSION = 4.0;
				TARGETED_DEVICE_FAMILY = "1,2";
				TEST_TARGET_NAME = "Simple MapView";
			};
			name = Release;
		};
/* End XCBuildConfiguration section */

/* Begin XCConfigurationList section */
		FEBC06B820C5062000752C68 /* Build configuration list for PBXProject "Simple MapView" */ = {
			isa = XCConfigurationList;
			buildConfigurations = (
				FEBC06E320C5062200752C68 /* Debug */,
				FEBC06E420C5062200752C68 /* Release */,
			);
			defaultConfigurationIsVisible = 0;
			defaultConfigurationName = Release;
		};
		FEBC06E520C5062200752C68 /* Build configuration list for PBXNativeTarget "Simple MapView" */ = {
			isa = XCConfigurationList;
			buildConfigurations = (
				FEBC06E620C5062200752C68 /* Debug */,
				FEBC06E720C5062200752C68 /* Release */,
			);
			defaultConfigurationIsVisible = 0;
			defaultConfigurationName = Release;
		};
		FEBC06E820C5062200752C68 /* Build configuration list for PBXNativeTarget "Simple MapViewTests" */ = {
			isa = XCConfigurationList;
			buildConfigurations = (
				FEBC06E920C5062200752C68 /* Debug */,
				FEBC06EA20C5062200752C68 /* Release */,
			);
			defaultConfigurationIsVisible = 0;
			defaultConfigurationName = Release;
		};
		FEBC06EB20C5062200752C68 /* Build configuration list for PBXNativeTarget "Simple MapViewUITests" */ = {
			isa = XCConfigurationList;
			buildConfigurations = (
				FEBC06EC20C5062200752C68 /* Debug */,
				FEBC06ED20C5062200752C68 /* Release */,
			);
			defaultConfigurationIsVisible = 0;
			defaultConfigurationName = Release;
		};
/* End XCConfigurationList section */
	};
	rootObject = FEBC06B520C5062000752C68 /* Project object */;
}
